
Microsoft Visual Studio Solution File, Format Version 12.00
# Visual Studio Version 17
VisualStudioVersion = 17.10.35004.147
MinimumVisualStudioVersion = 10.0.40219.1
Project("{9A19103F-16F7-4668-BE54-9A1E7A4F7556}") = "GameGizmo", "GameGizmo.csproj", "{5916C7F4-60DF-42F9-91CC-1374515BBE32}"
EndProject
Global
	GlobalSection(SolutionConfigurationPlatforms) = preSolution
		Debug|x64 = Debug|x64
		Release|x64 = Release|x64
	EndGlobalSection
	GlobalSection(ProjectConfigurationPlatforms) = postSolution
		{5916C7F4-60DF-42F9-91CC-1374515BBE32}.Debug|x64.ActiveCfg = Debug|x64
		{5916C7F4-60DF-42F9-91CC-1374515BBE32}.Debug|x64.Build.0 = Debug|x64
		{5916C7F4-60DF-42F9-91CC-1374515BBE32}.Release|x64.ActiveCfg = Release|x64
		{5916C7F4-60DF-42F9-91CC-1374515BBE32}.Release|x64.Build.0 = Release|x64
	EndGlobalSection
	GlobalSection(SolutionProperties) = preSolution
		HideSolutionNode = FALSE
	EndGlobalSection
	GlobalSection(ExtensibilityGlobals) = postSolution
		SolutionGuid = {23B7FE3C-4479-4C4A-8280-648B3F860C70}
	EndGlobalSection
EndGlobal
